
Microsoft Visual Studio Solution File, Format Version 12.00
# Visual Studio Version 16
VisualStudioVersion = 16.0.31515.178
MinimumVisualStudioVersion = 10.0.40219.1
Project("{FAE04EC0-301F-11D3-BF4B-00C04F79EFBC}") = "PEMStoreSSH", "PEMStoreSSH\PEMStoreSSH.csproj", "{CAF9DBE4-D7D5-400C-A4ED-7A1B29F78AED}"
EndProject
Global
	GlobalSection(SolutionConfigurationPlatforms) = preSolution
		Debug|Any CPU = Debug|Any CPU
		Release|Any CPU = Release|Any CPU
	EndGlobalSection
	GlobalSection(ProjectConfigurationPlatforms) = postSolution
		{CAF9DBE4-D7D5-400C-A4ED-7A1B29F78AED}.Debug|Any CPU.ActiveCfg = Debug|Any CPU
		{CAF9DBE4-D7D5-400C-A4ED-7A1B29F78AED}.Debug|Any CPU.Build.0 = Debug|Any CPU
		{CAF9DBE4-D7D5-400C-A4ED-7A1B29F78AED}.Release|Any CPU.ActiveCfg = Release|Any CPU
		{CAF9DBE4-D7D5-400C-A4ED-7A1B29F78AED}.Release|Any CPU.Build.0 = Release|Any CPU
	EndGlobalSection
	GlobalSection(SolutionProperties) = preSolution
		HideSolutionNode = FALSE
	EndGlobalSection
	GlobalSection(ExtensibilityGlobals) = postSolution
		SolutionGuid = {4547129F-24F9-423B-85AD-683F7176E21C}
	EndGlobalSection
EndGlobal
